
Microsoft Visual Studio Solution File, Format Version 12.00
# Visual Studio 14
VisualStudioVersion = 14.0.25123.0
MinimumVisualStudioVersion = 10.0.40219.1
Project("{FAE04EC0-301F-11D3-BF4B-00C04F79EFBC}") = "Collaborate-lrn-Py", "Collaborate-lrn-Py\Collaborate-lrn-Py.csproj", "{B71A2D2D-3852-4CC0-9AF3-F53A09DE2333}"
EndProject
Project("{FAE04EC0-301F-11D3-BF4B-00C04F79EFBC}") = "Collaborate-lrn-Py.Tests", "Collaborate-lrn-Py.Tests\Collaborate-lrn-Py.Tests.csproj", "{0E73A963-8755-41BA-93DC-152D0A8B4B2B}"
EndProject
Global
	GlobalSection(SolutionConfigurationPlatforms) = preSolution
		Debug|Any CPU = Debug|Any CPU
		Release|Any CPU = Release|Any CPU
	EndGlobalSection
	GlobalSection(ProjectConfigurationPlatforms) = postSolution
		{B71A2D2D-3852-4CC0-9AF3-F53A09DE2333}.Debug|Any CPU.ActiveCfg = Debug|Any CPU
		{B71A2D2D-3852-4CC0-9AF3-F53A09DE2333}.Debug|Any CPU.Build.0 = Debug|Any CPU
		{B71A2D2D-3852-4CC0-9AF3-F53A09DE2333}.Release|Any CPU.ActiveCfg = Release|Any CPU
		{B71A2D2D-3852-4CC0-9AF3-F53A09DE2333}.Release|Any CPU.Build.0 = Release|Any CPU
		{0E73A963-8755-41BA-93DC-152D0A8B4B2B}.Debug|Any CPU.ActiveCfg = Debug|Any CPU
		{0E73A963-8755-41BA-93DC-152D0A8B4B2B}.Debug|Any CPU.Build.0 = Debug|Any CPU
		{0E73A963-8755-41BA-93DC-152D0A8B4B2B}.Release|Any CPU.ActiveCfg = Release|Any CPU
		{0E73A963-8755-41BA-93DC-152D0A8B4B2B}.Release|Any CPU.Build.0 = Release|Any CPU
	EndGlobalSection
	GlobalSection(SolutionProperties) = preSolution
		HideSolutionNode = FALSE
	EndGlobalSection
EndGlobal
